{
  "nodes": {
    "clipper": {
      "inputs": {
        "flake-utils": "flake-utils",
        "nixpkgs": [
          "nixpkgs"
        ]
      },
      "locked": {
        "lastModified": 1761094176,
        "narHash": "sha256-jRsV47Cd9l7roLrq1TGgiktxakunVqMlDEhKytAUAOY=",
        "owner": "alansartorio",
        "repo": "Clipper",
        "rev": "39f10c3ee33a88ae1fe46f6426361de64ca52714",
        "type": "github"
      },
      "original": {
        "owner": "alansartorio",
        "ref": "all-merged",
        "repo": "Clipper",
        "type": "github"
      }
    },
    "clockin": {
      "inputs": {
        "flake-utils": "flake-utils_2",
        "nixpkgs": [
          "nixpkgs"
        ]
      },
      "locked": {
        "lastModified": 1757046659,
        "narHash": "sha256-nRBt8/4WKq9NPyj58EtHcU605Wpyn1ZEGS5ZXxlRPc8=",
        "owner": "alansartorio",
        "repo": "clockin",
        "rev": "fadcdb6c11c6062dfbd2943093d44efcd7608cf1",
        "type": "github"
      },
      "original": {
        "owner": "alansartorio",
        "repo": "clockin",
        "type": "github"
      }
    },
    "flake-utils": {
      "inputs": {
        "systems": "systems"
      },
      "locked": {
        "lastModified": 1731533236,
        "narHash": "sha256-l0KFg5HjrsfsO/JpG+r7fRrqm12kzFHyUHqHCVpMMbI=",
        "owner": "numtide",
        "repo": "flake-utils",
        "rev": "11707dc2f618dd54ca8739b309ec4fc024de578b",
        "type": "github"
      },
      "original": {
        "owner": "numtide",
        "repo": "flake-utils",
        "type": "github"
      }
    },
    "flake-utils_2": {
      "inputs": {
        "systems": "systems_2"
      },
      "locked": {
        "lastModified": 1731533236,
        "narHash": "sha256-l0KFg5HjrsfsO/JpG+r7fRrqm12kzFHyUHqHCVpMMbI=",
        "owner": "numtide",
        "repo": "flake-utils",
        "rev": "11707dc2f618dd54ca8739b309ec4fc024de578b",
        "type": "github"
      },
      "original": {
        "owner": "numtide",
        "repo": "flake-utils",
        "type": "github"
      }
    },
    "flake-utils_3": {
      "inputs": {
        "systems": "systems_3"
      },
      "locked": {
        "lastModified": 1731533236,
        "narHash": "sha256-l0KFg5HjrsfsO/JpG+r7fRrqm12kzFHyUHqHCVpMMbI=",
        "owner": "numtide",
        "repo": "flake-utils",
        "rev": "11707dc2f618dd54ca8739b309ec4fc024de578b",
        "type": "github"
      },
      "original": {
        "owner": "numtide",
        "repo": "flake-utils",
        "type": "github"
      }
    },
    "flake-utils_4": {
      "inputs": {
        "systems": "systems_4"
      },
      "locked": {
        "lastModified": 1731533236,
        "narHash": "sha256-l0KFg5HjrsfsO/JpG+r7fRrqm12kzFHyUHqHCVpMMbI=",
        "owner": "numtide",
        "repo": "flake-utils",
        "rev": "11707dc2f618dd54ca8739b309ec4fc024de578b",
        "type": "github"
      },
      "original": {
        "owner": "numtide",
        "repo": "flake-utils",
        "type": "github"
      }
    },
    "hardware-configuration": {
      "flake": false,
      "locked": {
        "lastModified": 1749808664,
        "narHash": "sha256-TBx7q803SVdvRjroxhR+Jpo7mzYzC5eK5Ovug3faJxY=",
        "path": "/etc/nixos/hardware-configuration.nix",
        "type": "path"
      },
      "original": {
        "path": "/etc/nixos/hardware-configuration.nix",
        "type": "path"
      }
    },
    "hass-light-eww": {
      "inputs": {
        "flake-utils": "flake-utils_3",
        "nixpkgs": [
          "nixpkgs"
        ]
      },
      "locked": {
        "lastModified": 1749250037,
        "narHash": "sha256-yl8XG6U9FOkqXDn1cxtn6Sh3C/NehC3bBTqgjbFzv3E=",
        "owner": "alansartorio",
        "repo": "hass-light-eww",
        "rev": "04bbc70217098e62187e06ffa2903570cead3cc6",
        "type": "github"
      },
      "original": {
        "owner": "alansartorio",
        "repo": "hass-light-eww",
        "type": "github"
      }
    },
    "home-manager": {
      "inputs": {
        "nixpkgs": [
          "nixpkgs"
        ]
      },
      "locked": {
        "lastModified": 1761344779,
        "narHash": "sha256-6LNSptFYhiAd0M/maJoixJw7V0Kp5BSoMRtIahcfu3M=",
        "owner": "nix-community",
        "repo": "home-manager",
        "rev": "c644cb018f9fdec55f5ac2afb4713a8c7beb757c",
        "type": "github"
      },
      "original": {
        "owner": "nix-community",
        "repo": "home-manager",
        "type": "github"
      }
    },
    "nixpkgs": {
      "locked": {
        "lastModified": 1761114652,
        "narHash": "sha256-f/QCJM/YhrV/lavyCVz8iU3rlZun6d+dAiC3H+CDle4=",
        "owner": "NixOS",
        "repo": "nixpkgs",
        "rev": "01f116e4df6a15f4ccdffb1bcd41096869fb385c",
        "type": "github"
      },
      "original": {
        "id": "nixpkgs",
        "ref": "nixos-unstable",
        "type": "indirect"
      }
    },
    "nixpkgs_2": {
      "locked": {
        "lastModified": 1745391562,
        "narHash": "sha256-sPwcCYuiEopaafePqlG826tBhctuJsLx/mhKKM5Fmjo=",
        "owner": "nixos",
        "repo": "nixpkgs",
        "rev": "8a2f738d9d1f1d986b5a4cd2fd2061a7127237d7",
        "type": "github"
      },
      "original": {
        "owner": "nixos",
        "ref": "nixos-unstable",
        "repo": "nixpkgs",
        "type": "github"
      }
    },
    "pipewire-screenaudio": {
      "inputs": {
        "nixpkgs": [
          "nixpkgs"
        ]
      },
      "locked": {
        "lastModified": 1761345281,
        "narHash": "sha256-nnHWxiBcyJtbFLVBtZi5IlWADcAfUy8xXyFhLXuE4DI=",
        "path": "/home/alan/Documents/PipewireScreenaudio/pipewire-screenaudio",
        "type": "path"
      },
      "original": {
        "path": "/home/alan/Documents/PipewireScreenaudio/pipewire-screenaudio",
        "type": "path"
      }
    },
    "prev-nixpkgs": {
      "locked": {
        "lastModified": 1760878510,
        "narHash": "sha256-K5Osef2qexezUfs0alLvZ7nQFTGS9DL2oTVsIXsqLgs=",
        "ref": "refs/heads/master",
        "rev": "5e2a59a5b1a82f89f2c7e598302a9cacebb72a67",
        "revCount": 880095,
        "type": "git",
        "url": "https://github.com/NixOS/nixpkgs"
      },
      "original": {
        "rev": "5e2a59a5b1a82f89f2c7e598302a9cacebb72a67",
        "type": "git",
        "url": "https://github.com/NixOS/nixpkgs"
      }
    },
    "root": {
      "inputs": {
        "clipper": "clipper",
        "clockin": "clockin",
        "hass-light-eww": "hass-light-eww",
        "home-manager": "home-manager",
        "nixpkgs": "nixpkgs",
        "pipewire-screenaudio": "pipewire-screenaudio",
        "prev-nixpkgs": "prev-nixpkgs",
        "rubik": "rubik",
        "system-config": "system-config"
      }
    },
    "rubik": {
      "inputs": {
        "flake-utils": "flake-utils_4",
        "nixpkgs": "nixpkgs_2",
        "rust-overlay": "rust-overlay"
      },
      "locked": {
        "lastModified": 1755839753,
        "narHash": "sha256-sr1CvNGMMaFMY2z0BvYEb/kEwLC98pvgDzgEDZWHpt0=",
        "owner": "alansartorio",
        "repo": "rubik",
        "rev": "96d83184e4aab9767e7ccc980c1805a2875a8169",
        "type": "github"
      },
      "original": {
        "owner": "alansartorio",
        "repo": "rubik",
        "type": "github"
      }
    },
    "rust-overlay": {
      "inputs": {
        "nixpkgs": [
          "rubik",
          "nixpkgs"
        ]
      },
      "locked": {
        "lastModified": 1745548521,
        "narHash": "sha256-xyliq8oS5OnzXjHRGr92RtmrtYI/dflf2gSEo0wMFjc=",
        "owner": "oxalica",
        "repo": "rust-overlay",
        "rev": "eb0afb4ac0720d55c29e88eb29432103d73ae11d",
        "type": "github"
      },
      "original": {
        "owner": "oxalica",
        "repo": "rust-overlay",
        "type": "github"
      }
    },
    "system-config": {
      "inputs": {
        "hardware-configuration": "hardware-configuration"
      },
      "locked": {
        "lastModified": 1758794594,
        "narHash": "sha256-0HdTpPH1pX+3aHa41N9OMTodHL97UymNARnTXGa1dnQ=",
        "path": "/home/alan/nixos/config",
        "type": "path"
      },
      "original": {
        "path": "/home/alan/nixos/config",
        "type": "path"
      }
    },
    "systems": {
      "locked": {
        "lastModified": 1681028828,
        "narHash": "sha256-Vy1rq5AaRuLzOxct8nz4T6wlgyUR7zLU309k9mBC768=",
        "owner": "nix-systems",
        "repo": "default",
        "rev": "da67096a3b9bf56a91d16901293e51ba5b49a27e",
        "type": "github"
      },
      "original": {
        "owner": "nix-systems",
        "repo": "default",
        "type": "github"
      }
    },
    "systems_2": {
      "locked": {
        "lastModified": 1681028828,
        "narHash": "sha256-Vy1rq5AaRuLzOxct8nz4T6wlgyUR7zLU309k9mBC768=",
        "owner": "nix-systems",
        "repo": "default",
        "rev": "da67096a3b9bf56a91d16901293e51ba5b49a27e",
        "type": "github"
      },
      "original": {
        "owner": "nix-systems",
        "repo": "default",
        "type": "github"
      }
    },
    "systems_3": {
      "locked": {
        "lastModified": 1681028828,
        "narHash": "sha256-Vy1rq5AaRuLzOxct8nz4T6wlgyUR7zLU309k9mBC768=",
        "owner": "nix-systems",
        "repo": "default",
        "rev": "da67096a3b9bf56a91d16901293e51ba5b49a27e",
        "type": "github"
      },
      "original": {
        "owner": "nix-systems",
        "repo": "default",
        "type": "github"
      }
    },
    "systems_4": {
      "locked": {
        "lastModified": 1681028828,
        "narHash": "sha256-Vy1rq5AaRuLzOxct8nz4T6wlgyUR7zLU309k9mBC768=",
        "owner": "nix-systems",
        "repo": "default",
        "rev": "da67096a3b9bf56a91d16901293e51ba5b49a27e",
        "type": "github"
      },
      "original": {
        "owner": "nix-systems",
        "repo": "default",
        "type": "github"
      }
    }
  },
  "root": "root",
  "version": 7
}
